{
  "object": {
    "pins": [
      {
        "package": "SwiftDate",
        "repositoryURL": "https://github.com/malcommac/SwiftDate.git",
        "state": {
          "branch": null,
          "revision": "a25913b19833860b61fac161a706e44834f03c47",
          "version": "6.2.0"
        }
      }
    ]
  },
  "version": 1
}
